Microsoft Visual Studio Solution File, Format Version 11.00
# Visual Studio 2008

Project("{A9C90104-7240-71FB-726F-321C92771614}") = "Novel based game template", "Assembly-CSharp.csproj", "{ACFD078C-B0F9-A176-1059-3538864753B4}"
EndProject
Global
	GlobalSection(SolutionConfigurationPlatforms) = preSolution
		Debug|Any CPU = Debug|Any CPU
		Release|Any CPU = Release|Any CPU
	EndGlobalSection
	GlobalSection(ProjectConfigurationPlatforms) = postSolution
		{ACFD078C-B0F9-A176-1059-3538864753B4}.Debug|Any CPU.ActiveCfg = Debug|Any CPU
		{ACFD078C-B0F9-A176-1059-3538864753B4}.Debug|Any CPU.Build.0 = Debug|Any CPU
		{ACFD078C-B0F9-A176-1059-3538864753B4}.Release|Any CPU.ActiveCfg = Release|Any CPU
		{ACFD078C-B0F9-A176-1059-3538864753B4}.Release|Any CPU.Build.0 = Release|Any CPU
	EndGlobalSection
	GlobalSection(SolutionProperties) = preSolution
		HideSolutionNode = FALSE
	EndGlobalSection
	GlobalSection(MonoDevelopProperties) = preSolution
		StartupItem = Assembly-CSharp.csproj
	EndGlobalSection
EndGlobal
